// !$*UTF8*$!
{
	archiveVersion = 1;
	classes = {
	};
	objectVersion = 77;
	objects = {

/* Begin PBXBuildFile section */
		05BABEEFFD83B72E1B3D46D6 /* XPCProtocol.swift in Sources */ = {isa = PBXBuildFile; fileRef = 947C59473F2C40EDC54468E3 /* XPCProtocol.swift */; };
		081A0E07BDD1AE9959679FD6 /* PreferencesWindowController.swift in Sources */ = {isa = PBXBuildFile; fileRef = D77B625B7314BE4A0C36E1C8 /* PreferencesWindowController.swift */; };
		0B75C45876F33514001EBF69 /* PopupView.swift in Sources */ = {isa = PBXBuildFile; fileRef = 1FBE4FF29F56752B038056F5 /* PopupView.swift */; };
		11C55A0CA8A92D0ECF01FD4F /* DockIconAnimatorTests.swift in Sources */ = {isa = PBXBuildFile; fileRef = C09F2932603A8ED77B89214A /* DockIconAnimatorTests.swift */; };
		16596D0D42204EC72E657A65 /* Clock.swift in Sources */ = {isa = PBXBuildFile; fileRef = 50B160393A833FD4D1952BEF /* Clock.swift */; };
		194771B7C47269FD2D0F97B1 /* GPUDataStore.swift in Sources */ = {isa = PBXBuildFile; fileRef = C338472C191A1C9B820B0DF1 /* GPUDataStore.swift */; };
		224619B4DCE6E4EE426A3A4B /* SettingsTests.swift in Sources */ = {isa = PBXBuildFile; fileRef = 495D61085AE6A59E664ACBF0 /* SettingsTests.swift */; };
		273CC8FA38DC2DC6D096DAA3 /* GPUSample.swift in Sources */ = {isa = PBXBuildFile; fileRef = 7B0E01379C7F34814B84799B /* GPUSample.swift */; };
		33CC2BCD849BE234FA621AEE /* GPUDataStoreTests.swift in Sources */ = {isa = PBXBuildFile; fileRef = 06AC80CB23420BF937E3E1F9 /* GPUDataStoreTests.swift */; };
		357987FE82A77A7069D4EBDA /* PowerMetricsParser.swift in Sources */ = {isa = PBXBuildFile; fileRef = 79E7A44D0F265693D50B89FE /* PowerMetricsParser.swift */; };
		43055AD4B1B9757792D23B41 /* BoilingTriggerTests.swift in Sources */ = {isa = PBXBuildFile; fileRef = A2EA4A0B31CF11F19C7B0098 /* BoilingTriggerTests.swift */; };
		5393B75BAA4B68BD4C5D9A2C /* TestClock.swift in Sources */ = {isa = PBXBuildFile; fileRef = 4D04F8B9BA8DBCD67631DF06 /* TestClock.swift */; };
		55920E4448E396122E2C94B2 /* DockIconAnimator.swift in Sources */ = {isa = PBXBuildFile; fileRef = 2D25CB70D06860E6AE1F6A3F /* DockIconAnimator.swift */; };
		5691C7D05CF1BC7853F5009E /* AppDelegate.swift in Sources */ = {isa = PBXBuildFile; fileRef = 36464BD999D5385543BA7023 /* AppDelegate.swift */; };
		5866FB4382A429156A126BB5 /* DutchOvenRendererTests.swift in Sources */ = {isa = PBXBuildFile; fileRef = B9124F4F49B6E7692AC6DCFE /* DutchOvenRendererTests.swift */; };
		615062A37BF674D4E48C1F88 /* HelperInstaller.swift in Sources */ = {isa = PBXBuildFile; fileRef = 73FF777792F4238DEEF4F99A /* HelperInstaller.swift */; };
		6D6EB4AACFE3AF352F07B067 /* SMCReader.swift in Sources */ = {isa = PBXBuildFile; fileRef = BB01D55A43D433F0DB854F7C /* SMCReader.swift */; };
		7620ACC07C793D03D92223E2 /* PopupWindowController.swift in Sources */ = {isa = PBXBuildFile; fileRef = 90386A8D8287F8D6433DA49A /* PopupWindowController.swift */; };
		77DC1D77479B4AC6C3227D29 /* PowerMetricsRunner.swift in Sources */ = {isa = PBXBuildFile; fileRef = 9C95D755624F9C69736A558B /* PowerMetricsRunner.swift */; };
		7F6B6DD9859D9DFA164D358D /* Settings.swift in Sources */ = {isa = PBXBuildFile; fileRef = 81A7139D20C2519CF55ABAFB /* Settings.swift */; };
		9666D7B08B28F56E3B581F12 /* XPCClient.swift in Sources */ = {isa = PBXBuildFile; fileRef = 78D676208B045B062E261378 /* XPCClient.swift */; };
		97C765182F82047C56280D9A /* IOAcceleratorReader.swift in Sources */ = {isa = PBXBuildFile; fileRef = 94D92C3800DE781ECF37A6F3 /* IOAcceleratorReader.swift */; };
		AB111A595122C203DE8CC5DE /* GPUSampleTests.swift in Sources */ = {isa = PBXBuildFile; fileRef = 3928EFACA36DAF2829134BC2 /* GPUSampleTests.swift */; };
		AE4B12A70031BF71CD2ABA31 /* GPUSample.swift in Sources */ = {isa = PBXBuildFile; fileRef = 7B0E01379C7F34814B84799B /* GPUSample.swift */; };
		B0C4EF3C729DF56EB85AD35C /* PowerMetricsParser.swift in Sources */ = {isa = PBXBuildFile; fileRef = 79E7A44D0F265693D50B89FE /* PowerMetricsParser.swift */; };
		BB2103C829016BA8059FF165 /* main.swift in Sources */ = {isa = PBXBuildFile; fileRef = FB505FEF4C5660E59EB3CEAA /* main.swift */; };
		C11EA1D407B1C5C45BD363A4 /* PotRenderer.swift in Sources */ = {isa = PBXBuildFile; fileRef = 5DC5135696164D72811AE540 /* PotRenderer.swift */; };
		C7683C66966DFF255A795402 /* DutchOvenRenderer.swift in Sources */ = {isa = PBXBuildFile; fileRef = A857FDD2F28FED3FB923AED5 /* DutchOvenRenderer.swift */; };
		E1106F041EBE0E211C18E04A /* XPCProtocol.swift in Sources */ = {isa = PBXBuildFile; fileRef = 947C59473F2C40EDC54468E3 /* XPCProtocol.swift */; };
		E944B2BB2290F4D191F404BF /* main.swift in Sources */ = {isa = PBXBuildFile; fileRef = 0A6845F2B35F7FD152E9F7AE /* main.swift */; };
		F0BB23CF05F11DA7B3E5C488 /* TemperatureReader.swift in Sources */ = {isa = PBXBuildFile; fileRef = D6FD3EAEBA63C6A9E996791F /* TemperatureReader.swift */; };
		F7DA8A7656AFAE9B544DDE36 /* PowerMetricsParserTests.swift in Sources */ = {isa = PBXBuildFile; fileRef = 1ACF2BE355AE74EAAEF6F11B /* PowerMetricsParserTests.swift */; };
/* End PBXBuildFile section */

/* Begin PBXContainerItemProxy section */
		0BDD41A4A32DA8FBF3FBF4D7 /* PBXContainerItemProxy */ = {
			isa = PBXContainerItemProxy;
			containerPortal = B50FACE8FB567FDE18A91A2C /* Project object */;
			proxyType = 1;
			remoteGlobalIDString = B7C009DCE45C17F92A7A27C6;
			remoteInfo = HelperTool;
		};
		7C3081425418B8938D4940E8 /* PBXContainerItemProxy */ = {
			isa = PBXContainerItemProxy;
			containerPortal = B50FACE8FB567FDE18A91A2C /* Project object */;
			proxyType = 1;
			remoteGlobalIDString = A1E61114A8812305C69F004D;
			remoteInfo = MacSlowCooker;
		};
/* End PBXContainerItemProxy section */

/* Begin PBXFileReference section */
		05A9EF7E1C735A467AD710EA /* Info.plist */ = {isa = PBXFileReference; lastKnownFileType = text.plist; path = Info.plist; sourceTree = "<group>"; };
		06AC80CB23420BF937E3E1F9 /* GPUDataStoreTests.swift */ = {isa = PBXFileReference; lastKnownFileType = sourcecode.swift; path = GPUDataStoreTests.swift; sourceTree = "<group>"; };
		0A6845F2B35F7FD152E9F7AE /* main.swift */ = {isa = PBXFileReference; lastKnownFileType = sourcecode.swift; path = main.swift; sourceTree = "<group>"; };
		1ACF2BE355AE74EAAEF6F11B /* PowerMetricsParserTests.swift */ = {isa = PBXFileReference; lastKnownFileType = sourcecode.swift; path = PowerMetricsParserTests.swift; sourceTree = "<group>"; };
		1FBE4FF29F56752B038056F5 /* PopupView.swift */ = {isa = PBXFileReference; lastKnownFileType = sourcecode.swift; path = PopupView.swift; sourceTree = "<group>"; };
		2D25CB70D06860E6AE1F6A3F /* DockIconAnimator.swift */ = {isa = PBXFileReference; lastKnownFileType = sourcecode.swift; path = DockIconAnimator.swift; sourceTree = "<group>"; };
		36464BD999D5385543BA7023 /* AppDelegate.swift */ = {isa = PBXFileReference; lastKnownFileType = sourcecode.swift; path = AppDelegate.swift; sourceTree = "<group>"; };
		3928EFACA36DAF2829134BC2 /* GPUSampleTests.swift */ = {isa = PBXFileReference; lastKnownFileType = sourcecode.swift; path = GPUSampleTests.swift; sourceTree = "<group>"; };
		3A3F7901E7ECC5583D7607FA /* HelperTool */ = {isa = PBXFileReference; includeInIndex = 0; path = HelperTool; sourceTree = BUILT_PRODUCTS_DIR; };
		495D61085AE6A59E664ACBF0 /* SettingsTests.swift */ = {isa = PBXFileReference; lastKnownFileType = sourcecode.swift; path = SettingsTests.swift; sourceTree = "<group>"; };
		4D04F8B9BA8DBCD67631DF06 /* TestClock.swift */ = {isa = PBXFileReference; lastKnownFileType = sourcecode.swift; path = TestClock.swift; sourceTree = "<group>"; };
		50B160393A833FD4D1952BEF /* Clock.swift */ = {isa = PBXFileReference; lastKnownFileType = sourcecode.swift; path = Clock.swift; sourceTree = "<group>"; };
		5DC5135696164D72811AE540 /* PotRenderer.swift */ = {isa = PBXFileReference; lastKnownFileType = sourcecode.swift; path = PotRenderer.swift; sourceTree = "<group>"; };
		73FF777792F4238DEEF4F99A /* HelperInstaller.swift */ = {isa = PBXFileReference; lastKnownFileType = sourcecode.swift; path = HelperInstaller.swift; sourceTree = "<group>"; };
		78D676208B045B062E261378 /* XPCClient.swift */ = {isa = PBXFileReference; lastKnownFileType = sourcecode.swift; path = XPCClient.swift; sourceTree = "<group>"; };
		79E7A44D0F265693D50B89FE /* PowerMetricsParser.swift */ = {isa = PBXFileReference; lastKnownFileType = sourcecode.swift; path = PowerMetricsParser.swift; sourceTree = "<group>"; };
		7B0E01379C7F34814B84799B /* GPUSample.swift */ = {isa = PBXFileReference; lastKnownFileType = sourcecode.swift; path = GPUSample.swift; sourceTree = "<group>"; };
		81A7139D20C2519CF55ABAFB /* Settings.swift */ = {isa = PBXFileReference; lastKnownFileType = sourcecode.swift; path = Settings.swift; sourceTree = "<group>"; };
		90386A8D8287F8D6433DA49A /* PopupWindowController.swift */ = {isa = PBXFileReference; lastKnownFileType = sourcecode.swift; path = PopupWindowController.swift; sourceTree = "<group>"; };
		947C59473F2C40EDC54468E3 /* XPCProtocol.swift */ = {isa = PBXFileReference; lastKnownFileType = sourcecode.swift; path = XPCProtocol.swift; sourceTree = "<group>"; };
		94D92C3800DE781ECF37A6F3 /* IOAcceleratorReader.swift */ = {isa = PBXFileReference; lastKnownFileType = sourcecode.swift; path = IOAcceleratorReader.swift; sourceTree = "<group>"; };
		9C95D755624F9C69736A558B /* PowerMetricsRunner.swift */ = {isa = PBXFileReference; lastKnownFileType = sourcecode.swift; path = PowerMetricsRunner.swift; sourceTree = "<group>"; };
		A2EA4A0B31CF11F19C7B0098 /* BoilingTriggerTests.swift */ = {isa = PBXFileReference; lastKnownFileType = sourcecode.swift; path = BoilingTriggerTests.swift; sourceTree = "<group>"; };
		A857FDD2F28FED3FB923AED5 /* DutchOvenRenderer.swift */ = {isa = PBXFileReference; lastKnownFileType = sourcecode.swift; path = DutchOvenRenderer.swift; sourceTree = "<group>"; };
		B9124F4F49B6E7692AC6DCFE /* DutchOvenRendererTests.swift */ = {isa = PBXFileReference; lastKnownFileType = sourcecode.swift; path = DutchOvenRendererTests.swift; sourceTree = "<group>"; };
		BAB3F838CEAED7F8769AD2D2 /* MacSlowCookerTests.xctest */ = {isa = PBXFileReference; explicitFileType = wrapper.cfbundle; includeInIndex = 0; path = MacSlowCookerTests.xctest; sourceTree = BUILT_PRODUCTS_DIR; };
		BB01D55A43D433F0DB854F7C /* SMCReader.swift */ = {isa = PBXFileReference; lastKnownFileType = sourcecode.swift; path = SMCReader.swift; sourceTree = "<group>"; };
		BB5D749B6886B5B68B735AAA /* HelperTool.entitlements */ = {isa = PBXFileReference; lastKnownFileType = text.plist.entitlements; path = HelperTool.entitlements; sourceTree = "<group>"; };
		C09F2932603A8ED77B89214A /* DockIconAnimatorTests.swift */ = {isa = PBXFileReference; lastKnownFileType = sourcecode.swift; path = DockIconAnimatorTests.swift; sourceTree = "<group>"; };
		C338472C191A1C9B820B0DF1 /* GPUDataStore.swift */ = {isa = PBXFileReference; lastKnownFileType = sourcecode.swift; path = GPUDataStore.swift; sourceTree = "<group>"; };
		C929AEEF3850949F5C500F9E /* MacSlowCooker.app */ = {isa = PBXFileReference; explicitFileType = wrapper.application; includeInIndex = 0; path = MacSlowCooker.app; sourceTree = BUILT_PRODUCTS_DIR; };
		CD37423AD9E49ABE81BD17D2 /* MacSlowCooker.entitlements */ = {isa = PBXFileReference; lastKnownFileType = text.plist.entitlements; path = MacSlowCooker.entitlements; sourceTree = "<group>"; };
		D6FD3EAEBA63C6A9E996791F /* TemperatureReader.swift */ = {isa = PBXFileReference; lastKnownFileType = sourcecode.swift; path = TemperatureReader.swift; sourceTree = "<group>"; };
		D77B625B7314BE4A0C36E1C8 /* PreferencesWindowController.swift */ = {isa = PBXFileReference; lastKnownFileType = sourcecode.swift; path = PreferencesWindowController.swift; sourceTree = "<group>"; };
		F1526E4C501E999A7FB17583 /* Info.plist */ = {isa = PBXFileReference; lastKnownFileType = text.plist; path = Info.plist; sourceTree = "<group>"; };
		FB505FEF4C5660E59EB3CEAA /* main.swift */ = {isa = PBXFileReference; lastKnownFileType = sourcecode.swift; path = main.swift; sourceTree = "<group>"; };
/* End PBXFileReference section */

/* Begin PBXGroup section */
		13A733869CC4ED420DE44C9F = {
			isa = PBXGroup;
			children = (
				5DB6CAF1D7F6F504F8C2E90E /* HelperTool */,
				76C939F6C80FB47CA4B82435 /* MacSlowCooker */,
				5403F53908354ADD688DA209 /* MacSlowCookerTests */,
				5E9A950B1AB17BB7E355B449 /* Shared */,
				80EC7ECBBC3C7734D6518E7C /* Products */,
			);
			sourceTree = "<group>";
		};
		5403F53908354ADD688DA209 /* MacSlowCookerTests */ = {
			isa = PBXGroup;
			children = (
				A2EA4A0B31CF11F19C7B0098 /* BoilingTriggerTests.swift */,
				C09F2932603A8ED77B89214A /* DockIconAnimatorTests.swift */,
				B9124F4F49B6E7692AC6DCFE /* DutchOvenRendererTests.swift */,
				06AC80CB23420BF937E3E1F9 /* GPUDataStoreTests.swift */,
				3928EFACA36DAF2829134BC2 /* GPUSampleTests.swift */,
				1ACF2BE355AE74EAAEF6F11B /* PowerMetricsParserTests.swift */,
				495D61085AE6A59E664ACBF0 /* SettingsTests.swift */,
				4D04F8B9BA8DBCD67631DF06 /* TestClock.swift */,
			);
			path = MacSlowCookerTests;
			sourceTree = "<group>";
		};
		5DB6CAF1D7F6F504F8C2E90E /* HelperTool */ = {
			isa = PBXGroup;
			children = (
				BB5D749B6886B5B68B735AAA /* HelperTool.entitlements */,
				05A9EF7E1C735A467AD710EA /* Info.plist */,
				94D92C3800DE781ECF37A6F3 /* IOAcceleratorReader.swift */,
				0A6845F2B35F7FD152E9F7AE /* main.swift */,
				9C95D755624F9C69736A558B /* PowerMetricsRunner.swift */,
				BB01D55A43D433F0DB854F7C /* SMCReader.swift */,
				D6FD3EAEBA63C6A9E996791F /* TemperatureReader.swift */,
			);
			path = HelperTool;
			sourceTree = "<group>";
		};
		5E9A950B1AB17BB7E355B449 /* Shared */ = {
			isa = PBXGroup;
			children = (
				7B0E01379C7F34814B84799B /* GPUSample.swift */,
				79E7A44D0F265693D50B89FE /* PowerMetricsParser.swift */,
				947C59473F2C40EDC54468E3 /* XPCProtocol.swift */,
			);
			path = Shared;
			sourceTree = "<group>";
		};
		76C939F6C80FB47CA4B82435 /* MacSlowCooker */ = {
			isa = PBXGroup;
			children = (
				36464BD999D5385543BA7023 /* AppDelegate.swift */,
				50B160393A833FD4D1952BEF /* Clock.swift */,
				2D25CB70D06860E6AE1F6A3F /* DockIconAnimator.swift */,
				A857FDD2F28FED3FB923AED5 /* DutchOvenRenderer.swift */,
				C338472C191A1C9B820B0DF1 /* GPUDataStore.swift */,
				73FF777792F4238DEEF4F99A /* HelperInstaller.swift */,
				F1526E4C501E999A7FB17583 /* Info.plist */,
				CD37423AD9E49ABE81BD17D2 /* MacSlowCooker.entitlements */,
				FB505FEF4C5660E59EB3CEAA /* main.swift */,
				1FBE4FF29F56752B038056F5 /* PopupView.swift */,
				90386A8D8287F8D6433DA49A /* PopupWindowController.swift */,
				5DC5135696164D72811AE540 /* PotRenderer.swift */,
				D77B625B7314BE4A0C36E1C8 /* PreferencesWindowController.swift */,
				81A7139D20C2519CF55ABAFB /* Settings.swift */,
				78D676208B045B062E261378 /* XPCClient.swift */,
			);
			path = MacSlowCooker;
			sourceTree = "<group>";
		};
		80EC7ECBBC3C7734D6518E7C /* Products */ = {
			isa = PBXGroup;
			children = (
				3A3F7901E7ECC5583D7607FA /* HelperTool */,
				C929AEEF3850949F5C500F9E /* MacSlowCooker.app */,
				BAB3F838CEAED7F8769AD2D2 /* MacSlowCookerTests.xctest */,
			);
			name = Products;
			sourceTree = "<group>";
		};
/* End PBXGroup section */

/* Begin PBXNativeTarget section */
		9D91543A3B06A90F9395C39F /* MacSlowCookerTests */ = {
			isa = PBXNativeTarget;
			buildConfigurationList = F8EA2579DA00CF1668522456 /* Build configuration list for PBXNativeTarget "MacSlowCookerTests" */;
			buildPhases = (
				4C3A1556B11291AE2832919A /* Sources */,
			);
			buildRules = (
			);
			dependencies = (
				834D6679358DF86638772093 /* PBXTargetDependency */,
			);
			name = MacSlowCookerTests;
			packageProductDependencies = (
			);
			productName = MacSlowCookerTests;
			productReference = BAB3F838CEAED7F8769AD2D2 /* MacSlowCookerTests.xctest */;
			productType = "com.apple.product-type.bundle.unit-test";
		};
		A1E61114A8812305C69F004D /* MacSlowCooker */ = {
			isa = PBXNativeTarget;
			buildConfigurationList = 282BA1771ECE6AEF557DFB1F /* Build configuration list for PBXNativeTarget "MacSlowCooker" */;
			buildPhases = (
				03D677C4883429005D3AE285 /* Sources */,
				2B08961DFC1D9966971A390A /* Copy HelperTool to MacOS and plist to LaunchDaemons */,
			);
			buildRules = (
			);
			dependencies = (
				174F8BD0151379B632418D76 /* PBXTargetDependency */,
			);
			name = MacSlowCooker;
			packageProductDependencies = (
			);
			productName = MacSlowCooker;
			productReference = C929AEEF3850949F5C500F9E /* MacSlowCooker.app */;
			productType = "com.apple.product-type.application";
		};
		B7C009DCE45C17F92A7A27C6 /* HelperTool */ = {
			isa = PBXNativeTarget;
			buildConfigurationList = D6D086090C484B04EA61C590 /* Build configuration list for PBXNativeTarget "HelperTool" */;
			buildPhases = (
				04FCD4B54563415DE57A5205 /* Sources */,
			);
			buildRules = (
			);
			dependencies = (
			);
			name = HelperTool;
			packageProductDependencies = (
			);
			productName = HelperTool;
			productReference = 3A3F7901E7ECC5583D7607FA /* HelperTool */;
			productType = "com.apple.product-type.tool";
		};
/* End PBXNativeTarget section */

/* Begin PBXProject section */
		B50FACE8FB567FDE18A91A2C /* Project object */ = {
			isa = PBXProject;
			attributes = {
				BuildIndependentTargetsInParallel = YES;
				LastUpgradeCheck = 1600;
				TargetAttributes = {
					9D91543A3B06A90F9395C39F = {
						DevelopmentTeam = K38MBRNKAT;
						ProvisioningStyle = Automatic;
					};
					A1E61114A8812305C69F004D = {
						DevelopmentTeam = K38MBRNKAT;
						ProvisioningStyle = Automatic;
					};
					B7C009DCE45C17F92A7A27C6 = {
						DevelopmentTeam = K38MBRNKAT;
						ProvisioningStyle = Automatic;
					};
				};
			};
			buildConfigurationList = D7937C51210456A8F12E1E25 /* Build configuration list for PBXProject "MacSlowCooker" */;
			developmentRegion = en;
			hasScannedForEncodings = 0;
			knownRegions = (
				Base,
				en,
			);
			mainGroup = 13A733869CC4ED420DE44C9F;
			minimizedProjectReferenceProxies = 1;
			preferredProjectObjectVersion = 77;
			productRefGroup = 80EC7ECBBC3C7734D6518E7C /* Products */;
			projectDirPath = "";
			projectRoot = "";
			targets = (
				B7C009DCE45C17F92A7A27C6 /* HelperTool */,
				A1E61114A8812305C69F004D /* MacSlowCooker */,
				9D91543A3B06A90F9395C39F /* MacSlowCookerTests */,
			);
		};
/* End PBXProject section */

/* Begin PBXShellScriptBuildPhase section */
		2B08961DFC1D9966971A390A /* Copy HelperTool to MacOS and plist to LaunchDaemons */ = {
			isa = PBXShellScriptBuildPhase;
			alwaysOutOfDate = 1;
			buildActionMask = 2147483647;
			files = (
			);
			inputFileListPaths = (
			);
			inputPaths = (
			);
			name = "Copy HelperTool to MacOS and plist to LaunchDaemons";
			outputFileListPaths = (
			);
			outputPaths = (
			);
			runOnlyForDeploymentPostprocessing = 0;
			shellPath = /bin/sh;
			shellScript = "MACOS_DEST=\"${CODESIGNING_FOLDER_PATH}/Contents/MacOS\"\nPLIST_DEST=\"${CODESIGNING_FOLDER_PATH}/Contents/Library/LaunchDaemons\"\nmkdir -p \"${MACOS_DEST}\" \"${PLIST_DEST}\"\nHELPER_SRC=\"${BUILT_PRODUCTS_DIR}/HelperTool\"\nif [ -f \"${HELPER_SRC}\" ]; then\n  cp \"${HELPER_SRC}\" \"${MACOS_DEST}/HelperTool\"\nfi\nPLIST_SRC=\"${SRCROOT}/MacSlowCooker/Library/LaunchDaemons/com.macslowcooker.helper.plist\"\nif [ -f \"${PLIST_SRC}\" ]; then\n  cp \"${PLIST_SRC}\" \"${PLIST_DEST}/com.macslowcooker.helper.plist\"\nfi\n";
		};
/* End PBXShellScriptBuildPhase section */

/* Begin PBXSourcesBuildPhase section */
		03D677C4883429005D3AE285 /* Sources */ = {
			isa = PBXSourcesBuildPhase;
			buildActionMask = 2147483647;
			files = (
				5691C7D05CF1BC7853F5009E /* AppDelegate.swift in Sources */,
				16596D0D42204EC72E657A65 /* Clock.swift in Sources */,
				55920E4448E396122E2C94B2 /* DockIconAnimator.swift in Sources */,
				C7683C66966DFF255A795402 /* DutchOvenRenderer.swift in Sources */,
				194771B7C47269FD2D0F97B1 /* GPUDataStore.swift in Sources */,
				273CC8FA38DC2DC6D096DAA3 /* GPUSample.swift in Sources */,
				615062A37BF674D4E48C1F88 /* HelperInstaller.swift in Sources */,
				0B75C45876F33514001EBF69 /* PopupView.swift in Sources */,
				7620ACC07C793D03D92223E2 /* PopupWindowController.swift in Sources */,
				C11EA1D407B1C5C45BD363A4 /* PotRenderer.swift in Sources */,
				B0C4EF3C729DF56EB85AD35C /* PowerMetricsParser.swift in Sources */,
				081A0E07BDD1AE9959679FD6 /* PreferencesWindowController.swift in Sources */,
				7F6B6DD9859D9DFA164D358D /* Settings.swift in Sources */,
				9666D7B08B28F56E3B581F12 /* XPCClient.swift in Sources */,
				E1106F041EBE0E211C18E04A /* XPCProtocol.swift in Sources */,
				BB2103C829016BA8059FF165 /* main.swift in Sources */,
			);
			runOnlyForDeploymentPostprocessing = 0;
		};
		04FCD4B54563415DE57A5205 /* Sources */ = {
			isa = PBXSourcesBuildPhase;
			buildActionMask = 2147483647;
			files = (
				AE4B12A70031BF71CD2ABA31 /* GPUSample.swift in Sources */,
				97C765182F82047C56280D9A /* IOAcceleratorReader.swift in Sources */,
				357987FE82A77A7069D4EBDA /* PowerMetricsParser.swift in Sources */,
				77DC1D77479B4AC6C3227D29 /* PowerMetricsRunner.swift in Sources */,
				6D6EB4AACFE3AF352F07B067 /* SMCReader.swift in Sources */,
				F0BB23CF05F11DA7B3E5C488 /* TemperatureReader.swift in Sources */,
				05BABEEFFD83B72E1B3D46D6 /* XPCProtocol.swift in Sources */,
				E944B2BB2290F4D191F404BF /* main.swift in Sources */,
			);
			runOnlyForDeploymentPostprocessing = 0;
		};
		4C3A1556B11291AE2832919A /* Sources */ = {
			isa = PBXSourcesBuildPhase;
			buildActionMask = 2147483647;
			files = (
				43055AD4B1B9757792D23B41 /* BoilingTriggerTests.swift in Sources */,
				11C55A0CA8A92D0ECF01FD4F /* DockIconAnimatorTests.swift in Sources */,
				5866FB4382A429156A126BB5 /* DutchOvenRendererTests.swift in Sources */,
				33CC2BCD849BE234FA621AEE /* GPUDataStoreTests.swift in Sources */,
				AB111A595122C203DE8CC5DE /* GPUSampleTests.swift in Sources */,
				F7DA8A7656AFAE9B544DDE36 /* PowerMetricsParserTests.swift in Sources */,
				224619B4DCE6E4EE426A3A4B /* SettingsTests.swift in Sources */,
				5393B75BAA4B68BD4C5D9A2C /* TestClock.swift in Sources */,
			);
			runOnlyForDeploymentPostprocessing = 0;
		};
/* End PBXSourcesBuildPhase section */

/* Begin PBXTargetDependency section */
		174F8BD0151379B632418D76 /* PBXTargetDependency */ = {
			isa = PBXTargetDependency;
			target = B7C009DCE45C17F92A7A27C6 /* HelperTool */;
			targetProxy = 0BDD41A4A32DA8FBF3FBF4D7 /* PBXContainerItemProxy */;
		};
		834D6679358DF86638772093 /* PBXTargetDependency */ = {
			isa = PBXTargetDependency;
			target = A1E61114A8812305C69F004D /* MacSlowCooker */;
			targetProxy = 7C3081425418B8938D4940E8 /* PBXContainerItemProxy */;
		};
/* End PBXTargetDependency section */

/* Begin XCBuildConfiguration section */
		0A8B1203642B47368AC503C3 /* Debug */ = {
			isa = XCBuildConfiguration;
			buildSettings = {
				ALWAYS_SEARCH_USER_PATHS = NO;
				CLANG_ANALYZER_NONNULL = YES;
				CLANG_ANALYZER_NUMBER_OBJECT_CONVERSION = YES_AGGRESSIVE;
				CLANG_CXX_LANGUAGE_STANDARD = "gnu++14";
				CLANG_CXX_LIBRARY = "libc++";
				CLANG_ENABLE_MODULES = YES;
				CLANG_ENABLE_OBJC_ARC = YES;
				CLANG_ENABLE_OBJC_WEAK = YES;
				CLANG_WARN_BLOCK_CAPTURE_AUTORELEASING = YES;
				CLANG_WARN_BOOL_CONVERSION = YES;
				CLANG_WARN_COMMA = YES;
				CLANG_WARN_CONSTANT_CONVERSION = YES;
				CLANG_WARN_DEPRECATED_OBJC_IMPLEMENTATIONS = YES;
				CLANG_WARN_DIRECT_OBJC_ISA_USAGE = YES_ERROR;
				CLANG_WARN_DOCUMENTATION_COMMENTS = YES;
				CLANG_WARN_EMPTY_BODY = YES;
				CLANG_WARN_ENUM_CONVERSION = YES;
				CLANG_WARN_INFINITE_RECURSION = YES;
				CLANG_WARN_INT_CONVERSION = YES;
				CLANG_WARN_NON_LITERAL_NULL_CONVERSION = YES;
				CLANG_WARN_OBJC_IMPLICIT_RETAIN_SELF = YES;
				CLANG_WARN_OBJC_LITERAL_CONVERSION = YES;
				CLANG_WARN_OBJC_ROOT_CLASS = YES_ERROR;
				CLANG_WARN_QUOTED_INCLUDE_IN_FRAMEWORK_HEADER = YES;
				CLANG_WARN_RANGE_LOOP_ANALYSIS = YES;
				CLANG_WARN_STRICT_PROTOTYPES = YES;
				CLANG_WARN_SUSPICIOUS_MOVE = YES;
				CLANG_WARN_UNGUARDED_AVAILABILITY = YES_AGGRESSIVE;
				CLANG_WARN_UNREACHABLE_CODE = YES;
				CLANG_WARN__DUPLICATE_METHOD_MATCH = YES;
				CODE_SIGN_STYLE = Automatic;
				COPY_PHASE_STRIP = NO;
				DEBUG_INFORMATION_FORMAT = dwarf;
				DEVELOPMENT_TEAM = K38MBRNKAT;
				ENABLE_STRICT_OBJC_MSGSEND = YES;
				ENABLE_TESTABILITY = YES;
				GCC_C_LANGUAGE_STANDARD = gnu11;
				GCC_DYNAMIC_NO_PIC = NO;
				GCC_NO_COMMON_BLOCKS = YES;
				GCC_OPTIMIZATION_LEVEL = 0;
				GCC_PREPROCESSOR_DEFINITIONS = (
					"$(inherited)",
					"DEBUG=1",
				);
				GCC_WARN_64_TO_32_BIT_CONVERSION = YES;
				GCC_WARN_ABOUT_RETURN_TYPE = YES_ERROR;
				GCC_WARN_UNDECLARED_SELECTOR = YES;
				GCC_WARN_UNINITIALIZED_AUTOS = YES_AGGRESSIVE;
				GCC_WARN_UNUSED_FUNCTION = YES;
				GCC_WARN_UNUSED_VARIABLE = YES;
				MACOSX_DEPLOYMENT_TARGET = 14.0;
				MTL_ENABLE_DEBUG_INFO = INCLUDE_SOURCE;
				MTL_FAST_MATH = YES;
				ONLY_ACTIVE_ARCH = YES;
				PRODUCT_NAME = "$(TARGET_NAME)";
				SDKROOT = macosx;
				SWIFT_ACTIVE_COMPILATION_CONDITIONS = DEBUG;
				SWIFT_OPTIMIZATION_LEVEL = "-Onone";
				SWIFT_VERSION = 5.9;
			};
			name = Debug;
		};
		531A444ECE92C256B4E95591 /* Release */ = {
			isa = XCBuildConfiguration;
			buildSettings = {
				CODE_SIGN_ENTITLEMENTS = HelperTool/HelperTool.entitlements;
				COMBINE_HIDPI_IMAGES = YES;
				INFOPLIST_FILE = HelperTool/Info.plist;
				LD_RUNPATH_SEARCH_PATHS = (
					"$(inherited)",
					"@executable_path/../Frameworks",
				);
				MACOSX_DEPLOYMENT_TARGET = 14.0;
				OTHER_LDFLAGS = "-sectcreate __TEXT __info_plist $(INFOPLIST_FILE)";
				PRODUCT_BUNDLE_IDENTIFIER = com.macslowcooker.helper;
				SDKROOT = macosx;
			};
			name = Release;
		};
		5F6A831BE7A304E6E816C32D /* Release */ = {
			isa = XCBuildConfiguration;
			buildSettings = {
				ASSETCATALOG_COMPILER_APPICON_NAME = AppIcon;
				CODE_SIGN_ENTITLEMENTS = MacSlowCooker/MacSlowCooker.entitlements;
				COMBINE_HIDPI_IMAGES = YES;
				INFOPLIST_FILE = MacSlowCooker/Info.plist;
				LD_RUNPATH_SEARCH_PATHS = (
					"$(inherited)",
					"@executable_path/../Frameworks",
				);
				MACOSX_DEPLOYMENT_TARGET = 14.0;
				PRODUCT_BUNDLE_IDENTIFIER = com.macslowcooker.app;
				SDKROOT = macosx;
			};
			name = Release;
		};
		A86FE2F396098EBF1986C4F2 /* Release */ = {
			isa = XCBuildConfiguration;
			buildSettings = {
				BUNDLE_LOADER = "$(TEST_HOST)";
				COMBINE_HIDPI_IMAGES = YES;
				LD_RUNPATH_SEARCH_PATHS = (
					"$(inherited)",
					"@executable_path/../Frameworks",
					"@loader_path/../Frameworks",
				);
				MACOSX_DEPLOYMENT_TARGET = 14.0;
				PRODUCT_BUNDLE_IDENTIFIER = com.macslowcooker.tests;
				SDKROOT = macosx;
				TEST_HOST = "$(BUILT_PRODUCTS_DIR)/MacSlowCooker.app/Contents/MacOS/MacSlowCooker";
			};
			name = Release;
		};
		AA674570B20EF4AA544D6413 /* Debug */ = {
			isa = XCBuildConfiguration;
			buildSettings = {
				CODE_SIGN_ENTITLEMENTS = HelperTool/HelperTool.entitlements;
				COMBINE_HIDPI_IMAGES = YES;
				INFOPLIST_FILE = HelperTool/Info.plist;
				LD_RUNPATH_SEARCH_PATHS = (
					"$(inherited)",
					"@executable_path/../Frameworks",
				);
				MACOSX_DEPLOYMENT_TARGET = 14.0;
				OTHER_LDFLAGS = "-sectcreate __TEXT __info_plist $(INFOPLIST_FILE)";
				PRODUCT_BUNDLE_IDENTIFIER = com.macslowcooker.helper;
				SDKROOT = macosx;
			};
			name = Debug;
		};
		CE7D99EB7C146FC6D635BB90 /* Debug */ = {
			isa = XCBuildConfiguration;
			buildSettings = {
				BUNDLE_LOADER = "$(TEST_HOST)";
				COMBINE_HIDPI_IMAGES = YES;
				LD_RUNPATH_SEARCH_PATHS = (
					"$(inherited)",
					"@executable_path/../Frameworks",
					"@loader_path/../Frameworks",
				);
				MACOSX_DEPLOYMENT_TARGET = 14.0;
				PRODUCT_BUNDLE_IDENTIFIER = com.macslowcooker.tests;
				SDKROOT = macosx;
				TEST_HOST = "$(BUILT_PRODUCTS_DIR)/MacSlowCooker.app/Contents/MacOS/MacSlowCooker";
			};
			name = Debug;
		};
		E0442C29BE6CA38EB1195847 /* Release */ = {
			isa = XCBuildConfiguration;
			buildSettings = {
				ALWAYS_SEARCH_USER_PATHS = NO;
				CLANG_ANALYZER_NONNULL = YES;
				CLANG_ANALYZER_NUMBER_OBJECT_CONVERSION = YES_AGGRESSIVE;
				CLANG_CXX_LANGUAGE_STANDARD = "gnu++14";
				CLANG_CXX_LIBRARY = "libc++";
				CLANG_ENABLE_MODULES = YES;
				CLANG_ENABLE_OBJC_ARC = YES;
				CLANG_ENABLE_OBJC_WEAK = YES;
				CLANG_WARN_BLOCK_CAPTURE_AUTORELEASING = YES;
				CLANG_WARN_BOOL_CONVERSION = YES;
				CLANG_WARN_COMMA = YES;
				CLANG_WARN_CONSTANT_CONVERSION = YES;
				CLANG_WARN_DEPRECATED_OBJC_IMPLEMENTATIONS = YES;
				CLANG_WARN_DIRECT_OBJC_ISA_USAGE = YES_ERROR;
				CLANG_WARN_DOCUMENTATION_COMMENTS = YES;
				CLANG_WARN_EMPTY_BODY = YES;
				CLANG_WARN_ENUM_CONVERSION = YES;
				CLANG_WARN_INFINITE_RECURSION = YES;
				CLANG_WARN_INT_CONVERSION = YES;
				CLANG_WARN_NON_LITERAL_NULL_CONVERSION = YES;
				CLANG_WARN_OBJC_IMPLICIT_RETAIN_SELF = YES;
				CLANG_WARN_OBJC_LITERAL_CONVERSION = YES;
				CLANG_WARN_OBJC_ROOT_CLASS = YES_ERROR;
				CLANG_WARN_QUOTED_INCLUDE_IN_FRAMEWORK_HEADER = YES;
				CLANG_WARN_RANGE_LOOP_ANALYSIS = YES;
				CLANG_WARN_STRICT_PROTOTYPES = YES;
				CLANG_WARN_SUSPICIOUS_MOVE = YES;
				CLANG_WARN_UNGUARDED_AVAILABILITY = YES_AGGRESSIVE;
				CLANG_WARN_UNREACHABLE_CODE = YES;
				CLANG_WARN__DUPLICATE_METHOD_MATCH = YES;
				CODE_SIGN_STYLE = Automatic;
				COPY_PHASE_STRIP = NO;
				DEBUG_INFORMATION_FORMAT = "dwarf-with-dsym";
				DEVELOPMENT_TEAM = K38MBRNKAT;
				ENABLE_NS_ASSERTIONS = NO;
				ENABLE_STRICT_OBJC_MSGSEND = YES;
				GCC_C_LANGUAGE_STANDARD = gnu11;
				GCC_NO_COMMON_BLOCKS = YES;
				GCC_WARN_64_TO_32_BIT_CONVERSION = YES;
				GCC_WARN_ABOUT_RETURN_TYPE = YES_ERROR;
				GCC_WARN_UNDECLARED_SELECTOR = YES;
				GCC_WARN_UNINITIALIZED_AUTOS = YES_AGGRESSIVE;
				GCC_WARN_UNUSED_FUNCTION = YES;
				GCC_WARN_UNUSED_VARIABLE = YES;
				MACOSX_DEPLOYMENT_TARGET = 14.0;
				MTL_ENABLE_DEBUG_INFO = NO;
				MTL_FAST_MATH = YES;
				PRODUCT_NAME = "$(TARGET_NAME)";
				SDKROOT = macosx;
				SWIFT_COMPILATION_MODE = wholemodule;
				SWIFT_OPTIMIZATION_LEVEL = "-O";
				SWIFT_VERSION = 5.9;
			};
			name = Release;
		};
		F25E2293EE941CD16A730B79 /* Debug */ = {
			isa = XCBuildConfiguration;
			buildSettings = {
				ASSETCATALOG_COMPILER_APPICON_NAME = AppIcon;
				CODE_SIGN_ENTITLEMENTS = MacSlowCooker/MacSlowCooker.entitlements;
				COMBINE_HIDPI_IMAGES = YES;
				INFOPLIST_FILE = MacSlowCooker/Info.plist;
				LD_RUNPATH_SEARCH_PATHS = (
					"$(inherited)",
					"@executable_path/../Frameworks",
				);
				MACOSX_DEPLOYMENT_TARGET = 14.0;
				PRODUCT_BUNDLE_IDENTIFIER = com.macslowcooker.app;
				SDKROOT = macosx;
			};
			name = Debug;
		};
/* End XCBuildConfiguration section */

/* Begin XCConfigurationList section */
		282BA1771ECE6AEF557DFB1F /* Build configuration list for PBXNativeTarget "MacSlowCooker" */ = {
			isa = XCConfigurationList;
			buildConfigurations = (
				F25E2293EE941CD16A730B79 /* Debug */,
				5F6A831BE7A304E6E816C32D /* Release */,
			);
			defaultConfigurationIsVisible = 0;
			defaultConfigurationName = Debug;
		};
		D6D086090C484B04EA61C590 /* Build configuration list for PBXNativeTarget "HelperTool" */ = {
			isa = XCConfigurationList;
			buildConfigurations = (
				AA674570B20EF4AA544D6413 /* Debug */,
				531A444ECE92C256B4E95591 /* Release */,
			);
			defaultConfigurationIsVisible = 0;
			defaultConfigurationName = Debug;
		};
		D7937C51210456A8F12E1E25 /* Build configuration list for PBXProject "MacSlowCooker" */ = {
			isa = XCConfigurationList;
			buildConfigurations = (
				0A8B1203642B47368AC503C3 /* Debug */,
				E0442C29BE6CA38EB1195847 /* Release */,
			);
			defaultConfigurationIsVisible = 0;
			defaultConfigurationName = Debug;
		};
		F8EA2579DA00CF1668522456 /* Build configuration list for PBXNativeTarget "MacSlowCookerTests" */ = {
			isa = XCConfigurationList;
			buildConfigurations = (
				CE7D99EB7C146FC6D635BB90 /* Debug */,
				A86FE2F396098EBF1986C4F2 /* Release */,
			);
			defaultConfigurationIsVisible = 0;
			defaultConfigurationName = Debug;
		};
/* End XCConfigurationList section */
	};
	rootObject = B50FACE8FB567FDE18A91A2C /* Project object */;
}
